{
  "object": {
    "pins": [
      {
        "package": "AttributedText",
        "repositoryURL": "https://github.com/gonzalezreal/AttributedText",
        "state": {
          "branch": null,
          "revision": "b3a8994db64d6b4414fe001d28b0c7ef1bda6c38",
          "version": "0.1.2"
        }
      },
      {
        "package": "combine-schedulers",
        "repositoryURL": "https://github.com/pointfreeco/combine-schedulers",
        "state": {
          "branch": null,
          "revision": "ff42ec9061d864de7982162011321d3df5080c10",
          "version": "0.1.2"
        }
      },
      {
        "package": "NetworkImage",
        "repositoryURL": "https://github.com/gonzalezreal/NetworkImage",
        "state": {
          "branch": null,
          "revision": "de0632e94acbebe35d78e2f1670398a18f8ac243",
          "version": "1.1.1"
        }
      },
      {
        "package": "cmark",
        "repositoryURL": "https://github.com/apple/swift-cmark",
        "state": {
          "branch": null,
          "revision": "9c8096a23f44794bde297452d87c455fc4f76d42",
          "version": null
        }
      },
      {
        "package": "SnapshotTesting",
        "repositoryURL": "https://github.com/pointfreeco/swift-snapshot-testing",
        "state": {
          "branch": null,
          "revision": "c466812aa2e22898f27557e2e780d3aad7a27203",
          "version": "1.8.2"
        }
      }
    ]
  },
  "version": 1
}
