// !$*UTF8*$!
{
	archiveVersion = 1;
	classes = {
	};
	objectVersion = 52;
	objects = {

/* Begin PBXBuildFile section */
		73067BE9278041FA0078F251 /* DemoGroup.swift in Sources */ = {isa = PBXBuildFile; fileRef = 73067BE8278041FA0078F251 /* DemoGroup.swift */; };
		73067BEA278041FA0078F251 /* DemoGroup.swift in Sources */ = {isa = PBXBuildFile; fileRef = 73067BE8278041FA0078F251 /* DemoGroup.swift */; };
		73067BEB278041FA0078F251 /* DemoGroup.swift in Sources */ = {isa = PBXBuildFile; fileRef = 73067BE8278041FA0078F251 /* DemoGroup.swift */; };
		73067BED2781AEFB0078F251 /* DemoRow.swift in Sources */ = {isa = PBXBuildFile; fileRef = 73067BEC2781AEFB0078F251 /* DemoRow.swift */; };
		73067BEE2781AEFB0078F251 /* DemoRow.swift in Sources */ = {isa = PBXBuildFile; fileRef = 73067BEC2781AEFB0078F251 /* DemoRow.swift */; };
		73067BEF2781AEFB0078F251 /* DemoRow.swift in Sources */ = {isa = PBXBuildFile; fileRef = 73067BEC2781AEFB0078F251 /* DemoRow.swift */; };
		73067BF12781FD040078F251 /* DemoList.swift in Sources */ = {isa = PBXBuildFile; fileRef = 73067BF02781FD040078F251 /* DemoList.swift */; };
		73067BF22781FD040078F251 /* DemoList.swift in Sources */ = {isa = PBXBuildFile; fileRef = 73067BF02781FD040078F251 /* DemoList.swift */; };
		73067BF32781FD040078F251 /* DemoList.swift in Sources */ = {isa = PBXBuildFile; fileRef = 73067BF02781FD040078F251 /* DemoList.swift */; };
		73067BF6278204410078F251 /* ReadMeGroup.swift in Sources */ = {isa = PBXBuildFile; fileRef = 73067BF5278204410078F251 /* ReadMeGroup.swift */; };
		73067BF7278204410078F251 /* ReadMeGroup.swift in Sources */ = {isa = PBXBuildFile; fileRef = 73067BF5278204410078F251 /* ReadMeGroup.swift */; };
		73067BFA27820BE20078F251 /* DingusGroup.swift in Sources */ = {isa = PBXBuildFile; fileRef = 73067BF927820BE20078F251 /* DingusGroup.swift */; };
		73067BFB27820BE20078F251 /* DingusGroup.swift in Sources */ = {isa = PBXBuildFile; fileRef = 73067BF927820BE20078F251 /* DingusGroup.swift */; };
		73067BFE278248570078F251 /* LinksGroup.swift in Sources */ = {isa = PBXBuildFile; fileRef = 73067BFD278248570078F251 /* LinksGroup.swift */; };
		73067BFF278248570078F251 /* LinksGroup.swift in Sources */ = {isa = PBXBuildFile; fileRef = 73067BFD278248570078F251 /* LinksGroup.swift */; };
		73067C0127833B2B0078F251 /* ImagesGroup.swift in Sources */ = {isa = PBXBuildFile; fileRef = 73067C0027833B2B0078F251 /* ImagesGroup.swift */; };
		73067C0227833B2B0078F251 /* ImagesGroup.swift in Sources */ = {isa = PBXBuildFile; fileRef = 73067C0027833B2B0078F251 /* ImagesGroup.swift */; };
		73067C0327833B2B0078F251 /* ImagesGroup.swift in Sources */ = {isa = PBXBuildFile; fileRef = 73067C0027833B2B0078F251 /* ImagesGroup.swift */; };
		73472DC12711D2F800A4EB85 /* README.md in Resources */ = {isa = PBXBuildFile; fileRef = 73472DC02711D2F800A4EB85 /* README.md */; };
		73472DC22711D2F800A4EB85 /* README.md in Resources */ = {isa = PBXBuildFile; fileRef = 73472DC02711D2F800A4EB85 /* README.md */; };
		735303752690B723000692C5 /* MarkdownUI in Frameworks */ = {isa = PBXBuildFile; productRef = 735303742690B723000692C5 /* MarkdownUI */; };
		735303772690B732000692C5 /* MarkdownUI in Frameworks */ = {isa = PBXBuildFile; productRef = 735303762690B732000692C5 /* MarkdownUI */; };
		73694F81278884640081EE50 /* ThematicBreakGroup.swift in Sources */ = {isa = PBXBuildFile; fileRef = 73694F80278884640081EE50 /* ThematicBreakGroup.swift */; };
		73694F82278884640081EE50 /* ThematicBreakGroup.swift in Sources */ = {isa = PBXBuildFile; fileRef = 73694F80278884640081EE50 /* ThematicBreakGroup.swift */; };
		73694F83278884640081EE50 /* ThematicBreakGroup.swift in Sources */ = {isa = PBXBuildFile; fileRef = 73694F80278884640081EE50 /* ThematicBreakGroup.swift */; };
		73694F852788909A0081EE50 /* BulletListGroup.swift in Sources */ = {isa = PBXBuildFile; fileRef = 73694F842788909A0081EE50 /* BulletListGroup.swift */; };
		73694F862788909A0081EE50 /* BulletListGroup.swift in Sources */ = {isa = PBXBuildFile; fileRef = 73694F842788909A0081EE50 /* BulletListGroup.swift */; };
		73694F872788909A0081EE50 /* BulletListGroup.swift in Sources */ = {isa = PBXBuildFile; fileRef = 73694F842788909A0081EE50 /* BulletListGroup.swift */; };
		73694F892788935A0081EE50 /* OrderedListGroup.swift in Sources */ = {isa = PBXBuildFile; fileRef = 73694F882788935A0081EE50 /* OrderedListGroup.swift */; };
		73694F8A2788935A0081EE50 /* OrderedListGroup.swift in Sources */ = {isa = PBXBuildFile; fileRef = 73694F882788935A0081EE50 /* OrderedListGroup.swift */; };
		73694F8B2788935A0081EE50 /* OrderedListGroup.swift in Sources */ = {isa = PBXBuildFile; fileRef = 73694F882788935A0081EE50 /* OrderedListGroup.swift */; };
		73694F8D278897620081EE50 /* CodeBlockGroup.swift in Sources */ = {isa = PBXBuildFile; fileRef = 73694F8C278897620081EE50 /* CodeBlockGroup.swift */; };
		73694F8E278897620081EE50 /* CodeBlockGroup.swift in Sources */ = {isa = PBXBuildFile; fileRef = 73694F8C278897620081EE50 /* CodeBlockGroup.swift */; };
		73694F8F278897620081EE50 /* CodeBlockGroup.swift in Sources */ = {isa = PBXBuildFile; fileRef = 73694F8C278897620081EE50 /* CodeBlockGroup.swift */; };
		73694F91278899360081EE50 /* BlockQuotesGroup.swift in Sources */ = {isa = PBXBuildFile; fileRef = 73694F90278899360081EE50 /* BlockQuotesGroup.swift */; };
		73694F92278899360081EE50 /* BlockQuotesGroup.swift in Sources */ = {isa = PBXBuildFile; fileRef = 73694F90278899360081EE50 /* BlockQuotesGroup.swift */; };
		73694F93278899360081EE50 /* BlockQuotesGroup.swift in Sources */ = {isa = PBXBuildFile; fileRef = 73694F90278899360081EE50 /* BlockQuotesGroup.swift */; };
		73694F9527889D140081EE50 /* HeadingsGroup.swift in Sources */ = {isa = PBXBuildFile; fileRef = 73694F9427889D140081EE50 /* HeadingsGroup.swift */; };
		73694F9627889D140081EE50 /* HeadingsGroup.swift in Sources */ = {isa = PBXBuildFile; fileRef = 73694F9427889D140081EE50 /* HeadingsGroup.swift */; };
		73694F9727889D140081EE50 /* HeadingsGroup.swift in Sources */ = {isa = PBXBuildFile; fileRef = 73694F9427889D140081EE50 /* HeadingsGroup.swift */; };
		73694F992788A29E0081EE50 /* InlinesGroup.swift in Sources */ = {isa = PBXBuildFile; fileRef = 73694F982788A29E0081EE50 /* InlinesGroup.swift */; };
		73694F9A2788A29E0081EE50 /* InlinesGroup.swift in Sources */ = {isa = PBXBuildFile; fileRef = 73694F982788A29E0081EE50 /* InlinesGroup.swift */; };
		73694F9B2788A29E0081EE50 /* InlinesGroup.swift in Sources */ = {isa = PBXBuildFile; fileRef = 73694F982788A29E0081EE50 /* InlinesGroup.swift */; };
		7374D250277F64D5008D11D0 /* DemoSection.swift in Sources */ = {isa = PBXBuildFile; fileRef = 7374D24F277F64D5008D11D0 /* DemoSection.swift */; };
		7374D251277F64D5008D11D0 /* DemoSection.swift in Sources */ = {isa = PBXBuildFile; fileRef = 7374D24F277F64D5008D11D0 /* DemoSection.swift */; };
		7374D252277F64D5008D11D0 /* DemoSection.swift in Sources */ = {isa = PBXBuildFile; fileRef = 7374D24F277F64D5008D11D0 /* DemoSection.swift */; };
		73D632A2277F0B0100769905 /* MarkdownUI in Frameworks */ = {isa = PBXBuildFile; productRef = 73D632A1277F0B0100769905 /* MarkdownUI */; };
		73D632A8277F0B2200769905 /* MarkdownUIDemoApp.swift in Sources */ = {isa = PBXBuildFile; fileRef = 82EAC72B258F1B7F009F513C /* MarkdownUIDemoApp.swift */; };
		73D632A9277F5A8800769905 /* Assets.xcassets in Resources */ = {isa = PBXBuildFile; fileRef = 82EAC72D258F1B80009F513C /* Assets.xcassets */; };
		8250868B25B36A53007F0F07 /* DingusView.swift in Sources */ = {isa = PBXBuildFile; fileRef = 8250868A25B36A53007F0F07 /* DingusView.swift */; };
		82EAC73E258F1B80009F513C /* MarkdownUIDemoApp.swift in Sources */ = {isa = PBXBuildFile; fileRef = 82EAC72B258F1B7F009F513C /* MarkdownUIDemoApp.swift */; };
		82EAC73F258F1B80009F513C /* MarkdownUIDemoApp.swift in Sources */ = {isa = PBXBuildFile; fileRef = 82EAC72B258F1B7F009F513C /* MarkdownUIDemoApp.swift */; };
		82EAC742258F1B80009F513C /* Assets.xcassets in Resources */ = {isa = PBXBuildFile; fileRef = 82EAC72D258F1B80009F513C /* Assets.xcassets */; };
		82EAC743258F1B80009F513C /* Assets.xcassets in Resources */ = {isa = PBXBuildFile; fileRef = 82EAC72D258F1B80009F513C /* Assets.xcassets */; };
/* End PBXBuildFile section */

/* Begin PBXFileReference section */
		73067BE8278041FA0078F251 /* DemoGroup.swift */ = {isa = PBXFileReference; lastKnownFileType = sourcecode.swift; path = DemoGroup.swift; sourceTree = "<group>"; };
		73067BEC2781AEFB0078F251 /* DemoRow.swift */ = {isa = PBXFileReference; lastKnownFileType = sourcecode.swift; path = DemoRow.swift; sourceTree = "<group>"; };
		73067BF02781FD040078F251 /* DemoList.swift */ = {isa = PBXFileReference; lastKnownFileType = sourcecode.swift; path = DemoList.swift; sourceTree = "<group>"; };
		73067BF5278204410078F251 /* ReadMeGroup.swift */ = {isa = PBXFileReference; lastKnownFileType = sourcecode.swift; path = ReadMeGroup.swift; sourceTree = "<group>"; };
		73067BF927820BE20078F251 /* DingusGroup.swift */ = {isa = PBXFileReference; lastKnownFileType = sourcecode.swift; path = DingusGroup.swift; sourceTree = "<group>"; };
		73067BFD278248570078F251 /* LinksGroup.swift */ = {isa = PBXFileReference; lastKnownFileType = sourcecode.swift; path = LinksGroup.swift; sourceTree = "<group>"; };
		73067C0027833B2B0078F251 /* ImagesGroup.swift */ = {isa = PBXFileReference; lastKnownFileType = sourcecode.swift; path = ImagesGroup.swift; sourceTree = "<group>"; };
		73472DBF2711D24000A4EB85 /* MarkdownUI */ = {isa = PBXFileReference; lastKnownFileType = folder; name = MarkdownUI; path = ..; sourceTree = "<group>"; };
		73472DC02711D2F800A4EB85 /* README.md */ = {isa = PBXFileReference; fileEncoding = 4; lastKnownFileType = net.daringfireball.markdown; name = README.md; path = ../../README.md; sourceTree = "<group>"; };
		73694F80278884640081EE50 /* ThematicBreakGroup.swift */ = {isa = PBXFileReference; lastKnownFileType = sourcecode.swift; path = ThematicBreakGroup.swift; sourceTree = "<group>"; };
		73694F842788909A0081EE50 /* BulletListGroup.swift */ = {isa = PBXFileReference; lastKnownFileType = sourcecode.swift; path = BulletListGroup.swift; sourceTree = "<group>"; };
		73694F882788935A0081EE50 /* OrderedListGroup.swift */ = {isa = PBXFileReference; lastKnownFileType = sourcecode.swift; path = OrderedListGroup.swift; sourceTree = "<group>"; };
		73694F8C278897620081EE50 /* CodeBlockGroup.swift */ = {isa = PBXFileReference; lastKnownFileType = sourcecode.swift; path = CodeBlockGroup.swift; sourceTree = "<group>"; };
		73694F90278899360081EE50 /* BlockQuotesGroup.swift */ = {isa = PBXFileReference; lastKnownFileType = sourcecode.swift; path = BlockQuotesGroup.swift; sourceTree = "<group>"; };
		73694F9427889D140081EE50 /* HeadingsGroup.swift */ = {isa = PBXFileReference; lastKnownFileType = sourcecode.swift; path = HeadingsGroup.swift; sourceTree = "<group>"; };
		73694F982788A29E0081EE50 /* InlinesGroup.swift */ = {isa = PBXFileReference; lastKnownFileType = sourcecode.swift; path = InlinesGroup.swift; sourceTree = "<group>"; };
		7374D24F277F64D5008D11D0 /* DemoSection.swift */ = {isa = PBXFileReference; lastKnownFileType = sourcecode.swift; path = DemoSection.swift; sourceTree = "<group>"; };
		73D36BF62786D102006570C7 /* MarkdownUIDemo (iOS).entitlements */ = {isa = PBXFileReference; lastKnownFileType = text.plist.entitlements; path = "MarkdownUIDemo (iOS).entitlements"; sourceTree = "<group>"; };
		73D63293277F0AA000769905 /* MarkdownUIDemo (tvOS).app */ = {isa = PBXFileReference; explicitFileType = wrapper.application; includeInIndex = 0; path = "MarkdownUIDemo (tvOS).app"; sourceTree = BUILT_PRODUCTS_DIR; };
		8250868A25B36A53007F0F07 /* DingusView.swift */ = {isa = PBXFileReference; lastKnownFileType = sourcecode.swift; path = DingusView.swift; sourceTree = "<group>"; };
		82EAC72B258F1B7F009F513C /* MarkdownUIDemoApp.swift */ = {isa = PBXFileReference; lastKnownFileType = sourcecode.swift; path = MarkdownUIDemoApp.swift; sourceTree = "<group>"; };
		82EAC72D258F1B80009F513C /* Assets.xcassets */ = {isa = PBXFileReference; lastKnownFileType = folder.assetcatalog; path = Assets.xcassets; sourceTree = "<group>"; };
		82EAC732258F1B80009F513C /* MarkdownUIDemo.app */ = {isa = PBXFileReference; explicitFileType = wrapper.application; includeInIndex = 0; path = MarkdownUIDemo.app; sourceTree = BUILT_PRODUCTS_DIR; };
		82EAC735258F1B80009F513C /* Info.plist */ = {isa = PBXFileReference; lastKnownFileType = text.plist.xml; path = Info.plist; sourceTree = "<group>"; };
		82EAC73A258F1B80009F513C /* MarkdownUIDemo.app */ = {isa = PBXFileReference; explicitFileType = wrapper.application; includeInIndex = 0; path = MarkdownUIDemo.app; sourceTree = BUILT_PRODUCTS_DIR; };
		82EAC73C258F1B80009F513C /* Info.plist */ = {isa = PBXFileReference; lastKnownFileType = text.plist.xml; path = Info.plist; sourceTree = "<group>"; };
		82EAC73D258F1B80009F513C /* macOS.entitlements */ = {isa = PBXFileReference; lastKnownFileType = text.plist.entitlements; path = macOS.entitlements; sourceTree = "<group>"; };
/* End PBXFileReference section */

/* Begin PBXFrameworksBuildPhase section */
		73D63290277F0AA000769905 /* Frameworks */ = {
			isa = PBXFrameworksBuildPhase;
			buildActionMask = 2147483647;
			files = (
				73D632A2277F0B0100769905 /* MarkdownUI in Frameworks */,
			);
			runOnlyForDeploymentPostprocessing = 0;
		};
		82EAC72F258F1B80009F513C /* Frameworks */ = {
			isa = PBXFrameworksBuildPhase;
			buildActionMask = 2147483647;
			files = (
				735303752690B723000692C5 /* MarkdownUI in Frameworks */,
			);
			runOnlyForDeploymentPostprocessing = 0;
		};
		82EAC737258F1B80009F513C /* Frameworks */ = {
			isa = PBXFrameworksBuildPhase;
			buildActionMask = 2147483647;
			files = (
				735303772690B732000692C5 /* MarkdownUI in Frameworks */,
			);
			runOnlyForDeploymentPostprocessing = 0;
		};
/* End PBXFrameworksBuildPhase section */

/* Begin PBXGroup section */
		73067BF4278204070078F251 /* Groups */ = {
			isa = PBXGroup;
			children = (
				73694F90278899360081EE50 /* BlockQuotesGroup.swift */,
				73694F8C278897620081EE50 /* CodeBlockGroup.swift */,
				73067BF927820BE20078F251 /* DingusGroup.swift */,
				73694F9427889D140081EE50 /* HeadingsGroup.swift */,
				73067C0027833B2B0078F251 /* ImagesGroup.swift */,
				73694F982788A29E0081EE50 /* InlinesGroup.swift */,
				73067BFD278248570078F251 /* LinksGroup.swift */,
				73694F842788909A0081EE50 /* BulletListGroup.swift */,
				73694F882788935A0081EE50 /* OrderedListGroup.swift */,
				73067BF5278204410078F251 /* ReadMeGroup.swift */,
				73694F80278884640081EE50 /* ThematicBreakGroup.swift */,
			);
			path = Groups;
			sourceTree = "<group>";
		};
		73D63294277F0AA000769905 /* tvOS */ = {
			isa = PBXGroup;
			children = (
			);
			path = tvOS;
			sourceTree = "<group>";
		};
		82EAC725258F1B7F009F513C = {
			isa = PBXGroup;
			children = (
				73D36BF62786D102006570C7 /* MarkdownUIDemo (iOS).entitlements */,
				73472DBF2711D24000A4EB85 /* MarkdownUI */,
				82EAC72A258F1B7F009F513C /* Shared */,
				82EAC734258F1B80009F513C /* iOS */,
				82EAC73B258F1B80009F513C /* macOS */,
				73D63294277F0AA000769905 /* tvOS */,
				82EAC733258F1B80009F513C /* Products */,
				82EAC753258F1D2C009F513C /* Frameworks */,
			);
			sourceTree = "<group>";
		};
		82EAC72A258F1B7F009F513C /* Shared */ = {
			isa = PBXGroup;
			children = (
				73067BF4278204070078F251 /* Groups */,
				73067BE8278041FA0078F251 /* DemoGroup.swift */,
				73067BF02781FD040078F251 /* DemoList.swift */,
				73067BEC2781AEFB0078F251 /* DemoRow.swift */,
				7374D24F277F64D5008D11D0 /* DemoSection.swift */,
				82EAC72B258F1B7F009F513C /* MarkdownUIDemoApp.swift */,
				82EAC72D258F1B80009F513C /* Assets.xcassets */,
				73472DC02711D2F800A4EB85 /* README.md */,
			);
			path = Shared;
			sourceTree = "<group>";
		};
		82EAC733258F1B80009F513C /* Products */ = {
			isa = PBXGroup;
			children = (
				82EAC732258F1B80009F513C /* MarkdownUIDemo.app */,
				82EAC73A258F1B80009F513C /* MarkdownUIDemo.app */,
				73D63293277F0AA000769905 /* MarkdownUIDemo (tvOS).app */,
			);
			name = Products;
			sourceTree = "<group>";
		};
		82EAC734258F1B80009F513C /* iOS */ = {
			isa = PBXGroup;
			children = (
				82EAC735258F1B80009F513C /* Info.plist */,
			);
			path = iOS;
			sourceTree = "<group>";
		};
		82EAC73B258F1B80009F513C /* macOS */ = {
			isa = PBXGroup;
			children = (
				82EAC73C258F1B80009F513C /* Info.plist */,
				82EAC73D258F1B80009F513C /* macOS.entitlements */,
				8250868A25B36A53007F0F07 /* DingusView.swift */,
			);
			path = macOS;
			sourceTree = "<group>";
		};
		82EAC753258F1D2C009F513C /* Frameworks */ = {
			isa = PBXGroup;
			children = (
			);
			name = Frameworks;
			sourceTree = "<group>";
		};
/* End PBXGroup section */

/* Begin PBXNativeTarget section */
		73D63292277F0AA000769905 /* MarkdownUIDemo (tvOS) */ = {
			isa = PBXNativeTarget;
			buildConfigurationList = 73D632A0277F0AA100769905 /* Build configuration list for PBXNativeTarget "MarkdownUIDemo (tvOS)" */;
			buildPhases = (
				73D6328F277F0AA000769905 /* Sources */,
				73D63290277F0AA000769905 /* Frameworks */,
				73D63291277F0AA000769905 /* Resources */,
			);
			buildRules = (
			);
			dependencies = (
			);
			name = "MarkdownUIDemo (tvOS)";
			packageProductDependencies = (
				73D632A1277F0B0100769905 /* MarkdownUI */,
			);
			productName = MarkdownUIDemo;
			productReference = 73D63293277F0AA000769905 /* MarkdownUIDemo (tvOS).app */;
			productType = "com.apple.product-type.application";
		};
		82EAC731258F1B80009F513C /* MarkdownUIDemo (iOS) */ = {
			isa = PBXNativeTarget;
			buildConfigurationList = 82EAC746258F1B80009F513C /* Build configuration list for PBXNativeTarget "MarkdownUIDemo (iOS)" */;
			buildPhases = (
				82EAC72E258F1B80009F513C /* Sources */,
				82EAC72F258F1B80009F513C /* Frameworks */,
				82EAC730258F1B80009F513C /* Resources */,
			);
			buildRules = (
			);
			dependencies = (
			);
			name = "MarkdownUIDemo (iOS)";
			packageProductDependencies = (
				735303742690B723000692C5 /* MarkdownUI */,
			);
			productName = "MarkdownUIDemo (iOS)";
			productReference = 82EAC732258F1B80009F513C /* MarkdownUIDemo.app */;
			productType = "com.apple.product-type.application";
		};
		82EAC739258F1B80009F513C /* MarkdownUIDemo (macOS) */ = {
			isa = PBXNativeTarget;
			buildConfigurationList = 82EAC749258F1B80009F513C /* Build configuration list for PBXNativeTarget "MarkdownUIDemo (macOS)" */;
			buildPhases = (
				82EAC736258F1B80009F513C /* Sources */,
				82EAC737258F1B80009F513C /* Frameworks */,
				82EAC738258F1B80009F513C /* Resources */,
			);
			buildRules = (
			);
			dependencies = (
			);
			name = "MarkdownUIDemo (macOS)";
			packageProductDependencies = (
				735303762690B732000692C5 /* MarkdownUI */,
			);
			productName = "MarkdownUIDemo (macOS)";
			productReference = 82EAC73A258F1B80009F513C /* MarkdownUIDemo.app */;
			productType = "com.apple.product-type.application";
		};
/* End PBXNativeTarget section */

/* Begin PBXProject section */
		82EAC726258F1B7F009F513C /* Project object */ = {
			isa = PBXProject;
			attributes = {
				LastSwiftUpdateCheck = 1320;
				LastUpgradeCheck = 1230;
				TargetAttributes = {
					73D63292277F0AA000769905 = {
						CreatedOnToolsVersion = 13.2.1;
					};
					82EAC731258F1B80009F513C = {
						CreatedOnToolsVersion = 12.3;
					};
					82EAC739258F1B80009F513C = {
						CreatedOnToolsVersion = 12.3;
					};
				};
			};
			buildConfigurationList = 82EAC729258F1B7F009F513C /* Build configuration list for PBXProject "MarkdownUIDemo" */;
			compatibilityVersion = "Xcode 9.3";
			developmentRegion = en;
			hasScannedForEncodings = 0;
			knownRegions = (
				en,
				Base,
			);
			mainGroup = 82EAC725258F1B7F009F513C;
			productRefGroup = 82EAC733258F1B80009F513C /* Products */;
			projectDirPath = "";
			projectRoot = "";
			targets = (
				82EAC731258F1B80009F513C /* MarkdownUIDemo (iOS) */,
				82EAC739258F1B80009F513C /* MarkdownUIDemo (macOS) */,
				73D63292277F0AA000769905 /* MarkdownUIDemo (tvOS) */,
			);
		};
/* End PBXProject section */

/* Begin PBXResourcesBuildPhase section */
		73D63291277F0AA000769905 /* Resources */ = {
			isa = PBXResourcesBuildPhase;
			buildActionMask = 2147483647;
			files = (
				73D632A9277F5A8800769905 /* Assets.xcassets in Resources */,
			);
			runOnlyForDeploymentPostprocessing = 0;
		};
		82EAC730258F1B80009F513C /* Resources */ = {
			isa = PBXResourcesBuildPhase;
			buildActionMask = 2147483647;
			files = (
				73472DC12711D2F800A4EB85 /* README.md in Resources */,
				82EAC742258F1B80009F513C /* Assets.xcassets in Resources */,
			);
			runOnlyForDeploymentPostprocessing = 0;
		};
		82EAC738258F1B80009F513C /* Resources */ = {
			isa = PBXResourcesBuildPhase;
			buildActionMask = 2147483647;
			files = (
				73472DC22711D2F800A4EB85 /* README.md in Resources */,
				82EAC743258F1B80009F513C /* Assets.xcassets in Resources */,
			);
			runOnlyForDeploymentPostprocessing = 0;
		};
/* End PBXResourcesBuildPhase section */

/* Begin PBXSourcesBuildPhase section */
		73D6328F277F0AA000769905 /* Sources */ = {
			isa = PBXSourcesBuildPhase;
			buildActionMask = 2147483647;
			files = (
				73694F93278899360081EE50 /* BlockQuotesGroup.swift in Sources */,
				7374D252277F64D5008D11D0 /* DemoSection.swift in Sources */,
				73067C0327833B2B0078F251 /* ImagesGroup.swift in Sources */,
				73694F9B2788A29E0081EE50 /* InlinesGroup.swift in Sources */,
				73D632A8277F0B2200769905 /* MarkdownUIDemoApp.swift in Sources */,
				73067BEB278041FA0078F251 /* DemoGroup.swift in Sources */,
				73694F83278884640081EE50 /* ThematicBreakGroup.swift in Sources */,
				73694F9727889D140081EE50 /* HeadingsGroup.swift in Sources */,
				73067BF32781FD040078F251 /* DemoList.swift in Sources */,
				73067BEF2781AEFB0078F251 /* DemoRow.swift in Sources */,
				73694F872788909A0081EE50 /* BulletListGroup.swift in Sources */,
				73694F8F278897620081EE50 /* CodeBlockGroup.swift in Sources */,
				73694F8B2788935A0081EE50 /* OrderedListGroup.swift in Sources */,
			);
			runOnlyForDeploymentPostprocessing = 0;
		};
		82EAC72E258F1B80009F513C /* Sources */ = {
			isa = PBXSourcesBuildPhase;
			buildActionMask = 2147483647;
			files = (
				73694F81278884640081EE50 /* ThematicBreakGroup.swift in Sources */,
				7374D250277F64D5008D11D0 /* DemoSection.swift in Sources */,
				73067BFE278248570078F251 /* LinksGroup.swift in Sources */,
				73694F9527889D140081EE50 /* HeadingsGroup.swift in Sources */,
				82EAC73E258F1B80009F513C /* MarkdownUIDemoApp.swift in Sources */,
				73067BFA27820BE20078F251 /* DingusGroup.swift in Sources */,
				73067C0127833B2B0078F251 /* ImagesGroup.swift in Sources */,
				73694F852788909A0081EE50 /* BulletListGroup.swift in Sources */,
				73067BE9278041FA0078F251 /* DemoGroup.swift in Sources */,
				73067BF12781FD040078F251 /* DemoList.swift in Sources */,
				73067BED2781AEFB0078F251 /* DemoRow.swift in Sources */,
				73694F91278899360081EE50 /* BlockQuotesGroup.swift in Sources */,
				73694F992788A29E0081EE50 /* InlinesGroup.swift in Sources */,
				73067BF6278204410078F251 /* ReadMeGroup.swift in Sources */,
				73694F8D278897620081EE50 /* CodeBlockGroup.swift in Sources */,
				73694F892788935A0081EE50 /* OrderedListGroup.swift in Sources */,
			);
			runOnlyForDeploymentPostprocessing = 0;
		};
		82EAC736258F1B80009F513C /* Sources */ = {
			isa = PBXSourcesBuildPhase;
			buildActionMask = 2147483647;
			files = (
				73067BF22781FD040078F251 /* DemoList.swift in Sources */,
				73067BEA278041FA0078F251 /* DemoGroup.swift in Sources */,
				73067BF7278204410078F251 /* ReadMeGroup.swift in Sources */,
				82EAC73F258F1B80009F513C /* MarkdownUIDemoApp.swift in Sources */,
				73694F82278884640081EE50 /* ThematicBreakGroup.swift in Sources */,
				73694F8A2788935A0081EE50 /* OrderedListGroup.swift in Sources */,
				73067BEE2781AEFB0078F251 /* DemoRow.swift in Sources */,
				73694F92278899360081EE50 /* BlockQuotesGroup.swift in Sources */,
				73067C0227833B2B0078F251 /* ImagesGroup.swift in Sources */,
				73694F9A2788A29E0081EE50 /* InlinesGroup.swift in Sources */,
				73694F862788909A0081EE50 /* BulletListGroup.swift in Sources */,
				73067BFF278248570078F251 /* LinksGroup.swift in Sources */,
				8250868B25B36A53007F0F07 /* DingusView.swift in Sources */,
				7374D251277F64D5008D11D0 /* DemoSection.swift in Sources */,
				73694F8E278897620081EE50 /* CodeBlockGroup.swift in Sources */,
				73694F9627889D140081EE50 /* HeadingsGroup.swift in Sources */,
				73067BFB27820BE20078F251 /* DingusGroup.swift in Sources */,
			);
			runOnlyForDeploymentPostprocessing = 0;
		};
/* End PBXSourcesBuildPhase section */

/* Begin XCBuildConfiguration section */
		73D6329E277F0AA100769905 /* Debug */ = {
			isa = XCBuildConfiguration;
			buildSettings = {
				ASSETCATALOG_COMPILER_APPICON_NAME = "Brand Assets";
				ASSETCATALOG_COMPILER_GLOBAL_ACCENT_COLOR_NAME = AccentColor;
				CLANG_CXX_LANGUAGE_STANDARD = "gnu++17";
				CODE_SIGN_STYLE = Automatic;
				CURRENT_PROJECT_VERSION = 1;
				DEVELOPMENT_ASSET_PATHS = "";
				DEVELOPMENT_TEAM = T5TF72MCE6;
				ENABLE_PREVIEWS = YES;
				GENERATE_INFOPLIST_FILE = YES;
				INFOPLIST_KEY_UILaunchScreen_Generation = YES;
				INFOPLIST_KEY_UIUserInterfaceStyle = Automatic;
				LD_RUNPATH_SEARCH_PATHS = (
					"$(inherited)",
					"@executable_path/Frameworks",
				);
				MARKETING_VERSION = 1.0;
				PRODUCT_BUNDLE_IDENTIFIER = com.gonzalezreal.MarkdownUIDemo;
				PRODUCT_NAME = "$(TARGET_NAME)";
				SDKROOT = appletvos;
				SWIFT_EMIT_LOC_STRINGS = YES;
				SWIFT_VERSION = 5.0;
				TARGETED_DEVICE_FAMILY = 3;
				TVOS_DEPLOYMENT_TARGET = 14.0;
			};
			name = Debug;
		};
		73D6329F277F0AA100769905 /* Release */ = {
			isa = XCBuildConfiguration;
			buildSettings = {
				ASSETCATALOG_COMPILER_APPICON_NAME = "Brand Assets";
				ASSETCATALOG_COMPILER_GLOBAL_ACCENT_COLOR_NAME = AccentColor;
				CLANG_CXX_LANGUAGE_STANDARD = "gnu++17";
				CODE_SIGN_STYLE = Automatic;
				CURRENT_PROJECT_VERSION = 1;
				DEVELOPMENT_ASSET_PATHS = "";
				DEVELOPMENT_TEAM = T5TF72MCE6;
				ENABLE_PREVIEWS = YES;
				GENERATE_INFOPLIST_FILE = YES;
				INFOPLIST_KEY_UILaunchScreen_Generation = YES;
				INFOPLIST_KEY_UIUserInterfaceStyle = Automatic;
				LD_RUNPATH_SEARCH_PATHS = (
					"$(inherited)",
					"@executable_path/Frameworks",
				);
				MARKETING_VERSION = 1.0;
				PRODUCT_BUNDLE_IDENTIFIER = com.gonzalezreal.MarkdownUIDemo;
				PRODUCT_NAME = "$(TARGET_NAME)";
				SDKROOT = appletvos;
				SWIFT_EMIT_LOC_STRINGS = YES;
				SWIFT_VERSION = 5.0;
				TARGETED_DEVICE_FAMILY = 3;
				TVOS_DEPLOYMENT_TARGET = 14.0;
				VALIDATE_PRODUCT = YES;
			};
			name = Release;
		};
		82EAC744258F1B80009F513C /* Debug */ = {
			isa = XCBuildConfiguration;
			buildSettings = {
				ALWAYS_SEARCH_USER_PATHS = NO;
				CLANG_ANALYZER_NONNULL = YES;
				CLANG_ANALYZER_NUMBER_OBJECT_CONVERSION = YES_AGGRESSIVE;
				CLANG_CXX_LANGUAGE_STANDARD = "gnu++14";
				CLANG_CXX_LIBRARY = "libc++";
				CLANG_ENABLE_MODULES = YES;
				CLANG_ENABLE_OBJC_ARC = YES;
				CLANG_ENABLE_OBJC_WEAK = YES;
				CLANG_WARN_BLOCK_CAPTURE_AUTORELEASING = YES;
				CLANG_WARN_BOOL_CONVERSION = YES;
				CLANG_WARN_COMMA = YES;
				CLANG_WARN_CONSTANT_CONVERSION = YES;
				CLANG_WARN_DEPRECATED_OBJC_IMPLEMENTATIONS = YES;
				CLANG_WARN_DIRECT_OBJC_ISA_USAGE = YES_ERROR;
				CLANG_WARN_DOCUMENTATION_COMMENTS = YES;
				CLANG_WARN_EMPTY_BODY = YES;
				CLANG_WARN_ENUM_CONVERSION = YES;
				CLANG_WARN_INFINITE_RECURSION = YES;
				CLANG_WARN_INT_CONVERSION = YES;
				CLANG_WARN_NON_LITERAL_NULL_CONVERSION = YES;
				CLANG_WARN_OBJC_IMPLICIT_RETAIN_SELF = YES;
				CLANG_WARN_OBJC_LITERAL_CONVERSION = YES;
				CLANG_WARN_OBJC_ROOT_CLASS = YES_ERROR;
				CLANG_WARN_QUOTED_INCLUDE_IN_FRAMEWORK_HEADER = YES;
				CLANG_WARN_RANGE_LOOP_ANALYSIS = YES;
				CLANG_WARN_STRICT_PROTOTYPES = YES;
				CLANG_WARN_SUSPICIOUS_MOVE = YES;
				CLANG_WARN_UNGUARDED_AVAILABILITY = YES_AGGRESSIVE;
				CLANG_WARN_UNREACHABLE_CODE = YES;
				CLANG_WARN__DUPLICATE_METHOD_MATCH = YES;
				COPY_PHASE_STRIP = NO;
				DEBUG_INFORMATION_FORMAT = dwarf;
				ENABLE_STRICT_OBJC_MSGSEND = YES;
				ENABLE_TESTABILITY = YES;
				GCC_C_LANGUAGE_STANDARD = gnu11;
				GCC_DYNAMIC_NO_PIC = NO;
				GCC_NO_COMMON_BLOCKS = YES;
				GCC_OPTIMIZATION_LEVEL = 0;
				GCC_PREPROCESSOR_DEFINITIONS = (
					"DEBUG=1",
					"$(inherited)",
				);
				GCC_WARN_64_TO_32_BIT_CONVERSION = YES;
				GCC_WARN_ABOUT_RETURN_TYPE = YES_ERROR;
				GCC_WARN_UNDECLARED_SELECTOR = YES;
				GCC_WARN_UNINITIALIZED_AUTOS = YES_AGGRESSIVE;
				GCC_WARN_UNUSED_FUNCTION = YES;
				GCC_WARN_UNUSED_VARIABLE = YES;
				MTL_ENABLE_DEBUG_INFO = INCLUDE_SOURCE;
				MTL_FAST_MATH = YES;
				ONLY_ACTIVE_ARCH = YES;
				SWIFT_ACTIVE_COMPILATION_CONDITIONS = DEBUG;
				SWIFT_OPTIMIZATION_LEVEL = "-Onone";
			};
			name = Debug;
		};
		82EAC745258F1B80009F513C /* Release */ = {
			isa = XCBuildConfiguration;
			buildSettings = {
				ALWAYS_SEARCH_USER_PATHS = NO;
				CLANG_ANALYZER_NONNULL = YES;
				CLANG_ANALYZER_NUMBER_OBJECT_CONVERSION = YES_AGGRESSIVE;
				CLANG_CXX_LANGUAGE_STANDARD = "gnu++14";
				CLANG_CXX_LIBRARY = "libc++";
				CLANG_ENABLE_MODULES = YES;
				CLANG_ENABLE_OBJC_ARC = YES;
				CLANG_ENABLE_OBJC_WEAK = YES;
				CLANG_WARN_BLOCK_CAPTURE_AUTORELEASING = YES;
				CLANG_WARN_BOOL_CONVERSION = YES;
				CLANG_WARN_COMMA = YES;
				CLANG_WARN_CONSTANT_CONVERSION = YES;
				CLANG_WARN_DEPRECATED_OBJC_IMPLEMENTATIONS = YES;
				CLANG_WARN_DIRECT_OBJC_ISA_USAGE = YES_ERROR;
				CLANG_WARN_DOCUMENTATION_COMMENTS = YES;
				CLANG_WARN_EMPTY_BODY = YES;
				CLANG_WARN_ENUM_CONVERSION = YES;
				CLANG_WARN_INFINITE_RECURSION = YES;
				CLANG_WARN_INT_CONVERSION = YES;
				CLANG_WARN_NON_LITERAL_NULL_CONVERSION = YES;
				CLANG_WARN_OBJC_IMPLICIT_RETAIN_SELF = YES;
				CLANG_WARN_OBJC_LITERAL_CONVERSION = YES;
				CLANG_WARN_OBJC_ROOT_CLASS = YES_ERROR;
				CLANG_WARN_QUOTED_INCLUDE_IN_FRAMEWORK_HEADER = YES;
				CLANG_WARN_RANGE_LOOP_ANALYSIS = YES;
				CLANG_WARN_STRICT_PROTOTYPES = YES;
				CLANG_WARN_SUSPICIOUS_MOVE = YES;
				CLANG_WARN_UNGUARDED_AVAILABILITY = YES_AGGRESSIVE;
				CLANG_WARN_UNREACHABLE_CODE = YES;
				CLANG_WARN__DUPLICATE_METHOD_MATCH = YES;
				COPY_PHASE_STRIP = NO;
				DEBUG_INFORMATION_FORMAT = "dwarf-with-dsym";
				ENABLE_NS_ASSERTIONS = NO;
				ENABLE_STRICT_OBJC_MSGSEND = YES;
				GCC_C_LANGUAGE_STANDARD = gnu11;
				GCC_NO_COMMON_BLOCKS = YES;
				GCC_WARN_64_TO_32_BIT_CONVERSION = YES;
				GCC_WARN_ABOUT_RETURN_TYPE = YES_ERROR;
				GCC_WARN_UNDECLARED_SELECTOR = YES;
				GCC_WARN_UNINITIALIZED_AUTOS = YES_AGGRESSIVE;
				GCC_WARN_UNUSED_FUNCTION = YES;
				GCC_WARN_UNUSED_VARIABLE = YES;
				MTL_ENABLE_DEBUG_INFO = NO;
				MTL_FAST_MATH = YES;
				SWIFT_COMPILATION_MODE = wholemodule;
				SWIFT_OPTIMIZATION_LEVEL = "-O";
			};
			name = Release;
		};
		82EAC747258F1B80009F513C /* Debug */ = {
			isa = XCBuildConfiguration;
			buildSettings = {
				ASSETCATALOG_COMPILER_APPICON_NAME = AppIcon;
				ASSETCATALOG_COMPILER_GLOBAL_ACCENT_COLOR_NAME = AccentColor;
				CODE_SIGN_ENTITLEMENTS = "MarkdownUIDemo (iOS).entitlements";
				CODE_SIGN_STYLE = Automatic;
				DEVELOPMENT_TEAM = T5TF72MCE6;
				ENABLE_PREVIEWS = YES;
				INFOPLIST_FILE = iOS/Info.plist;
				IPHONEOS_DEPLOYMENT_TARGET = 14.0;
				LD_RUNPATH_SEARCH_PATHS = (
					"$(inherited)",
					"@executable_path/Frameworks",
				);
				PRODUCT_BUNDLE_IDENTIFIER = com.gonzalezreal.MarkdownUIDemo;
				PRODUCT_NAME = MarkdownUIDemo;
				SDKROOT = iphoneos;
				SUPPORTS_MACCATALYST = YES;
				SWIFT_VERSION = 5.0;
				TARGETED_DEVICE_FAMILY = "1,2,6";
			};
			name = Debug;
		};
		82EAC748258F1B80009F513C /* Release */ = {
			isa = XCBuildConfiguration;
			buildSettings = {
				ASSETCATALOG_COMPILER_APPICON_NAME = AppIcon;
				ASSETCATALOG_COMPILER_GLOBAL_ACCENT_COLOR_NAME = AccentColor;
				CODE_SIGN_ENTITLEMENTS = "MarkdownUIDemo (iOS).entitlements";
				CODE_SIGN_STYLE = Automatic;
				DEVELOPMENT_TEAM = T5TF72MCE6;
				ENABLE_PREVIEWS = YES;
				INFOPLIST_FILE = iOS/Info.plist;
				IPHONEOS_DEPLOYMENT_TARGET = 14.0;
				LD_RUNPATH_SEARCH_PATHS = (
					"$(inherited)",
					"@executable_path/Frameworks",
				);
				PRODUCT_BUNDLE_IDENTIFIER = com.gonzalezreal.MarkdownUIDemo;
				PRODUCT_NAME = MarkdownUIDemo;
				SDKROOT = iphoneos;
				SUPPORTS_MACCATALYST = YES;
				SWIFT_VERSION = 5.0;
				TARGETED_DEVICE_FAMILY = "1,2,6";
				VALIDATE_PRODUCT = YES;
			};
			name = Release;
		};
		82EAC74A258F1B80009F513C /* Debug */ = {
			isa = XCBuildConfiguration;
			buildSettings = {
				ASSETCATALOG_COMPILER_APPICON_NAME = AppIcon;
				ASSETCATALOG_COMPILER_GLOBAL_ACCENT_COLOR_NAME = AccentColor;
				CODE_SIGN_ENTITLEMENTS = macOS/macOS.entitlements;
				CODE_SIGN_IDENTITY = "-";
				CODE_SIGN_STYLE = Automatic;
				COMBINE_HIDPI_IMAGES = YES;
				DEVELOPMENT_TEAM = T5TF72MCE6;
				ENABLE_HARDENED_RUNTIME = YES;
				ENABLE_PREVIEWS = YES;
				INFOPLIST_FILE = macOS/Info.plist;
				LD_RUNPATH_SEARCH_PATHS = (
					"$(inherited)",
					"@executable_path/../Frameworks",
				);
				MACOSX_DEPLOYMENT_TARGET = 11.0;
				PRODUCT_BUNDLE_IDENTIFIER = com.gonzalezreal.MarkdownUIDemo;
				PRODUCT_NAME = MarkdownUIDemo;
				SDKROOT = macosx;
				SWIFT_VERSION = 5.0;
			};
			name = Debug;
		};
		82EAC74B258F1B80009F513C /* Release */ = {
			isa = XCBuildConfiguration;
			buildSettings = {
				ASSETCATALOG_COMPILER_APPICON_NAME = AppIcon;
				ASSETCATALOG_COMPILER_GLOBAL_ACCENT_COLOR_NAME = AccentColor;
				CODE_SIGN_ENTITLEMENTS = macOS/macOS.entitlements;
				CODE_SIGN_IDENTITY = "-";
				CODE_SIGN_STYLE = Automatic;
				COMBINE_HIDPI_IMAGES = YES;
				DEVELOPMENT_TEAM = T5TF72MCE6;
				ENABLE_HARDENED_RUNTIME = YES;
				ENABLE_PREVIEWS = YES;
				INFOPLIST_FILE = macOS/Info.plist;
				LD_RUNPATH_SEARCH_PATHS = (
					"$(inherited)",
					"@executable_path/../Frameworks",
				);
				MACOSX_DEPLOYMENT_TARGET = 11.0;
				PRODUCT_BUNDLE_IDENTIFIER = com.gonzalezreal.MarkdownUIDemo;
				PRODUCT_NAME = MarkdownUIDemo;
				SDKROOT = macosx;
				SWIFT_VERSION = 5.0;
			};
			name = Release;
		};
/* End XCBuildConfiguration section */

/* Begin XCConfigurationList section */
		73D632A0277F0AA100769905 /* Build configuration list for PBXNativeTarget "MarkdownUIDemo (tvOS)" */ = {
			isa = XCConfigurationList;
			buildConfigurations = (
				73D6329E277F0AA100769905 /* Debug */,
				73D6329F277F0AA100769905 /* Release */,
			);
			defaultConfigurationIsVisible = 0;
			defaultConfigurationName = Release;
		};
		82EAC729258F1B7F009F513C /* Build configuration list for PBXProject "MarkdownUIDemo" */ = {
			isa = XCConfigurationList;
			buildConfigurations = (
				82EAC744258F1B80009F513C /* Debug */,
				82EAC745258F1B80009F513C /* Release */,
			);
			defaultConfigurationIsVisible = 0;
			defaultConfigurationName = Release;
		};
		82EAC746258F1B80009F513C /* Build configuration list for PBXNativeTarget "MarkdownUIDemo (iOS)" */ = {
			isa = XCConfigurationList;
			buildConfigurations = (
				82EAC747258F1B80009F513C /* Debug */,
				82EAC748258F1B80009F513C /* Release */,
			);
			defaultConfigurationIsVisible = 0;
			defaultConfigurationName = Release;
		};
		82EAC749258F1B80009F513C /* Build configuration list for PBXNativeTarget "MarkdownUIDemo (macOS)" */ = {
			isa = XCConfigurationList;
			buildConfigurations = (
				82EAC74A258F1B80009F513C /* Debug */,
				82EAC74B258F1B80009F513C /* Release */,
			);
			defaultConfigurationIsVisible = 0;
			defaultConfigurationName = Release;
		};
/* End XCConfigurationList section */

/* Begin XCSwiftPackageProductDependency section */
		735303742690B723000692C5 /* MarkdownUI */ = {
			isa = XCSwiftPackageProductDependency;
			productName = MarkdownUI;
		};
		735303762690B732000692C5 /* MarkdownUI */ = {
			isa = XCSwiftPackageProductDependency;
			productName = MarkdownUI;
		};
		73D632A1277F0B0100769905 /* MarkdownUI */ = {
			isa = XCSwiftPackageProductDependency;
			productName = MarkdownUI;
		};
/* End XCSwiftPackageProductDependency section */
	};
	rootObject = 82EAC726258F1B7F009F513C /* Project object */;
}
